
Microsoft Visual Studio Solution File, Format Version 12.00
# Visual Studio Version 16
VisualStudioVersion = 16.0.32602.291
MinimumVisualStudioVersion = 10.0.40219.1
Project("{8BC9CEB8-8B4A-11D0-8D11-00A0C91BC942}") = "Glue", "Glue\Glue.vcxproj", "{D1CB8A2C-02FA-4E8B-87FD-94B7C4C2CE8E}"
EndProject
Global
	GlobalSection(SolutionConfigurationPlatforms) = preSolution
		Debug|x64 = Debug|x64
		Debug|x86 = Debug|x86
		Release|x64 = Release|x64
		Release|x86 = Release|x86
	EndGlobalSection
	GlobalSection(ProjectConfigurationPlatforms) = postSolution
		{D1CB8A2C-02FA-4E8B-87FD-94B7C4C2CE8E}.Debug|x64.ActiveCfg = Debug|x64
		{D1CB8A2C-02FA-4E8B-87FD-94B7C4C2CE8E}.Debug|x64.Build.0 = Debug|x64
		{D1CB8A2C-02FA-4E8B-87FD-94B7C4C2CE8E}.Debug|x86.ActiveCfg = Debug|Win32
		{D1CB8A2C-02FA-4E8B-87FD-94B7C4C2CE8E}.Debug|x86.Build.0 = Debug|Win32
		{D1CB8A2C-02FA-4E8B-87FD-94B7C4C2CE8E}.Release|x64.ActiveCfg = Release|x64
		{D1CB8A2C-02FA-4E8B-87FD-94B7C4C2CE8E}.Release|x64.Build.0 = Release|x64
		{D1CB8A2C-02FA-4E8B-87FD-94B7C4C2CE8E}.Release|x86.ActiveCfg = Release|Win32
		{D1CB8A2C-02FA-4E8B-87FD-94B7C4C2CE8E}.Release|x86.Build.0 = Release|Win32
	EndGlobalSection
	GlobalSection(SolutionProperties) = preSolution
		HideSolutionNode = FALSE
	EndGlobalSection
	GlobalSection(ExtensibilityGlobals) = postSolution
		SolutionGuid = {0A262E67-DEB5-40BD-964A-639E92ACA8F5}
	EndGlobalSection
EndGlobal
